// !$*UTF8*$!
{
	archiveVersion = 1;
	classes = {
	};
	objectVersion = 56;
	objects = {

/* Begin PBXBuildFile section */
		73D6F8902C0B8B1200E0E4D2 /* swiftUICryptoAppApp.swift in Sources */ = {isa = PBXBuildFile; fileRef = 73D6F88F2C0B8B1200E0E4D2 /* swiftUICryptoAppApp.swift */; };
		73D6F8922C0B8B1200E0E4D2 /* ContentView.swift in Sources */ = {isa = PBXBuildFile; fileRef = 73D6F8912C0B8B1200E0E4D2 /* ContentView.swift */; };
		73D6F8942C0B8B1300E0E4D2 /* Assets.xcassets in Resources */ = {isa = PBXBuildFile; fileRef = 73D6F8932C0B8B1300E0E4D2 /* Assets.xcassets */; };
		73D6F8972C0B8B1300E0E4D2 /* Preview Assets.xcassets in Resources */ = {isa = PBXBuildFile; fileRef = 73D6F8962C0B8B1300E0E4D2 /* Preview Assets.xcassets */; };
		73D6F89F2C0B8FD800E0E4D2 /* Color.swift in Sources */ = {isa = PBXBuildFile; fileRef = 73D6F89E2C0B8FD800E0E4D2 /* Color.swift */; };
		73D6F8A52C0B95CF00E0E4D2 /* HomeView.swift in Sources */ = {isa = PBXBuildFile; fileRef = 73D6F8A42C0B95CF00E0E4D2 /* HomeView.swift */; };
		73D6F8A92C0BA3D000E0E4D2 /* CircleButtonView.swift in Sources */ = {isa = PBXBuildFile; fileRef = 73D6F8A82C0BA3D000E0E4D2 /* CircleButtonView.swift */; };
		73D6F8AB2C0BA83B00E0E4D2 /* CircleButtonAnimationView.swift in Sources */ = {isa = PBXBuildFile; fileRef = 73D6F8AA2C0BA83B00E0E4D2 /* CircleButtonAnimationView.swift */; };
		73D6F8AE2C0CD40100E0E4D2 /* CoinModel.swift in Sources */ = {isa = PBXBuildFile; fileRef = 73D6F8AD2C0CD40100E0E4D2 /* CoinModel.swift */; };
/* End PBXBuildFile section */

/* Begin PBXFileReference section */
		73D6F88C2C0B8B1200E0E4D2 /* swiftUICryptoApp.app */ = {isa = PBXFileReference; explicitFileType = wrapper.application; includeInIndex = 0; path = swiftUICryptoApp.app; sourceTree = BUILT_PRODUCTS_DIR; };
		73D6F88F2C0B8B1200E0E4D2 /* swiftUICryptoAppApp.swift */ = {isa = PBXFileReference; lastKnownFileType = sourcecode.swift; path = swiftUICryptoAppApp.swift; sourceTree = "<group>"; };
		73D6F8912C0B8B1200E0E4D2 /* ContentView.swift */ = {isa = PBXFileReference; lastKnownFileType = sourcecode.swift; path = ContentView.swift; sourceTree = "<group>"; };
		73D6F8932C0B8B1300E0E4D2 /* Assets.xcassets */ = {isa = PBXFileReference; lastKnownFileType = folder.assetcatalog; path = Assets.xcassets; sourceTree = "<group>"; };
		73D6F8962C0B8B1300E0E4D2 /* Preview Assets.xcassets */ = {isa = PBXFileReference; lastKnownFileType = folder.assetcatalog; path = "Preview Assets.xcassets"; sourceTree = "<group>"; };
		73D6F89E2C0B8FD800E0E4D2 /* Color.swift */ = {isa = PBXFileReference; lastKnownFileType = sourcecode.swift; path = Color.swift; sourceTree = "<group>"; };
		73D6F8A42C0B95CF00E0E4D2 /* HomeView.swift */ = {isa = PBXFileReference; lastKnownFileType = sourcecode.swift; path = HomeView.swift; sourceTree = "<group>"; };
		73D6F8A82C0BA3D000E0E4D2 /* CircleButtonView.swift */ = {isa = PBXFileReference; lastKnownFileType = sourcecode.swift; path = CircleButtonView.swift; sourceTree = "<group>"; };
		73D6F8AA2C0BA83B00E0E4D2 /* CircleButtonAnimationView.swift */ = {isa = PBXFileReference; lastKnownFileType = sourcecode.swift; path = CircleButtonAnimationView.swift; sourceTree = "<group>"; };
		73D6F8AD2C0CD40100E0E4D2 /* CoinModel.swift */ = {isa = PBXFileReference; fileEncoding = 4; lastKnownFileType = sourcecode.swift; path = CoinModel.swift; sourceTree = "<group>"; };
/* End PBXFileReference section */

/* Begin PBXFrameworksBuildPhase section */
		73D6F8892C0B8B1200E0E4D2 /* Frameworks */ = {
			isa = PBXFrameworksBuildPhase;
			buildActionMask = 2147483647;
			files = (
			);
			runOnlyForDeploymentPostprocessing = 0;
		};
/* End PBXFrameworksBuildPhase section */

/* Begin PBXGroup section */
		73D6F8832C0B8B1200E0E4D2 = {
			isa = PBXGroup;
			children = (
				73D6F88E2C0B8B1200E0E4D2 /* swiftUICryptoApp */,
				73D6F88D2C0B8B1200E0E4D2 /* Products */,
			);
			sourceTree = "<group>";
		};
		73D6F88D2C0B8B1200E0E4D2 /* Products */ = {
			isa = PBXGroup;
			children = (
				73D6F88C2C0B8B1200E0E4D2 /* swiftUICryptoApp.app */,
			);
			name = Products;
			sourceTree = "<group>";
		};
		73D6F88E2C0B8B1200E0E4D2 /* swiftUICryptoApp */ = {
			isa = PBXGroup;
			children = (
				73D6F89D2C0B8FC900E0E4D2 /* Extensions */,
				73D6F8AC2C0CCF2C00E0E4D2 /* Models */,
				73D6F8A02C0B957F00E0E4D2 /* Core */,
				73D6F88F2C0B8B1200E0E4D2 /* swiftUICryptoAppApp.swift */,
				73D6F8912C0B8B1200E0E4D2 /* ContentView.swift */,
				73D6F8932C0B8B1300E0E4D2 /* Assets.xcassets */,
				73D6F8952C0B8B1300E0E4D2 /* Preview Content */,
			);
			path = swiftUICryptoApp;
			sourceTree = "<group>";
		};
		73D6F8952C0B8B1300E0E4D2 /* Preview Content */ = {
			isa = PBXGroup;
			children = (
				73D6F8962C0B8B1300E0E4D2 /* Preview Assets.xcassets */,
			);
			path = "Preview Content";
			sourceTree = "<group>";
		};
		73D6F89D2C0B8FC900E0E4D2 /* Extensions */ = {
			isa = PBXGroup;
			children = (
				73D6F89E2C0B8FD800E0E4D2 /* Color.swift */,
			);
			path = Extensions;
			sourceTree = "<group>";
		};
		73D6F8A02C0B957F00E0E4D2 /* Core */ = {
			isa = PBXGroup;
			children = (
				73D6F8A62C0BA39B00E0E4D2 /* Components */,
				73D6F8A12C0B958700E0E4D2 /* Home */,
			);
			path = Core;
			sourceTree = "<group>";
		};
		73D6F8A12C0B958700E0E4D2 /* Home */ = {
			isa = PBXGroup;
			children = (
				73D6F8A32C0B95B200E0E4D2 /* ViewModel */,
				73D6F8A22C0B95AC00E0E4D2 /* View */,
			);
			path = Home;
			sourceTree = "<group>";
		};
		73D6F8A22C0B95AC00E0E4D2 /* View */ = {
			isa = PBXGroup;
			children = (
				73D6F8A42C0B95CF00E0E4D2 /* HomeView.swift */,
			);
			path = View;
			sourceTree = "<group>";
		};
		73D6F8A32C0B95B200E0E4D2 /* ViewModel */ = {
			isa = PBXGroup;
			children = (
			);
			path = ViewModel;
			sourceTree = "<group>";
		};
		73D6F8A62C0BA39B00E0E4D2 /* Components */ = {
			isa = PBXGroup;
			children = (
				73D6F8A72C0BA3BB00E0E4D2 /* CircleButton */,
			);
			path = Components;
			sourceTree = "<group>";
		};
		73D6F8A72C0BA3BB00E0E4D2 /* CircleButton */ = {
			isa = PBXGroup;
			children = (
				73D6F8A82C0BA3D000E0E4D2 /* CircleButtonView.swift */,
				73D6F8AA2C0BA83B00E0E4D2 /* CircleButtonAnimationView.swift */,
			);
			path = CircleButton;
			sourceTree = "<group>";
		};
		73D6F8AC2C0CCF2C00E0E4D2 /* Models */ = {
			isa = PBXGroup;
			children = (
				73D6F8AD2C0CD40100E0E4D2 /* CoinModel.swift */,
			);
			path = Models;
			sourceTree = "<group>";
		};
/* End PBXGroup section */

/* Begin PBXNativeTarget section */
		73D6F88B2C0B8B1200E0E4D2 /* swiftUICryptoApp */ = {
			isa = PBXNativeTarget;
			buildConfigurationList = 73D6F89A2C0B8B1300E0E4D2 /* Build configuration list for PBXNativeTarget "swiftUICryptoApp" */;
			buildPhases = (
				73D6F8882C0B8B1200E0E4D2 /* Sources */,
				73D6F8892C0B8B1200E0E4D2 /* Frameworks */,
				73D6F88A2C0B8B1200E0E4D2 /* Resources */,
			);
			buildRules = (
			);
			dependencies = (
			);
			name = swiftUICryptoApp;
			productName = swiftUICryptoApp;
			productReference = 73D6F88C2C0B8B1200E0E4D2 /* swiftUICryptoApp.app */;
			productType = "com.apple.product-type.application";
		};
/* End PBXNativeTarget section */

/* Begin PBXProject section */
		73D6F8842C0B8B1200E0E4D2 /* Project object */ = {
			isa = PBXProject;
			attributes = {
				BuildIndependentTargetsInParallel = 1;
				LastSwiftUpdateCheck = 1520;
				LastUpgradeCheck = 1520;
				TargetAttributes = {
					73D6F88B2C0B8B1200E0E4D2 = {
						CreatedOnToolsVersion = 15.2;
					};
				};
			};
			buildConfigurationList = 73D6F8872C0B8B1200E0E4D2 /* Build configuration list for PBXProject "swiftUICryptoApp" */;
			compatibilityVersion = "Xcode 14.0";
			developmentRegion = en;
			hasScannedForEncodings = 0;
			knownRegions = (
				en,
				Base,
			);
			mainGroup = 73D6F8832C0B8B1200E0E4D2;
			productRefGroup = 73D6F88D2C0B8B1200E0E4D2 /* Products */;
			projectDirPath = "";
			projectRoot = "";
			targets = (
				73D6F88B2C0B8B1200E0E4D2 /* swiftUICryptoApp */,
			);
		};
/* End PBXProject section */

/* Begin PBXResourcesBuildPhase section */
		73D6F88A2C0B8B1200E0E4D2 /* Resources */ = {
			isa = PBXResourcesBuildPhase;
			buildActionMask = 2147483647;
			files = (
				73D6F8972C0B8B1300E0E4D2 /* Preview Assets.xcassets in Resources */,
				73D6F8942C0B8B1300E0E4D2 /* Assets.xcassets in Resources */,
			);
			runOnlyForDeploymentPostprocessing = 0;
		};
/* End PBXResourcesBuildPhase section */

/* Begin PBXSourcesBuildPhase section */
		73D6F8882C0B8B1200E0E4D2 /* Sources */ = {
			isa = PBXSourcesBuildPhase;
			buildActionMask = 2147483647;
			files = (
				73D6F8922C0B8B1200E0E4D2 /* ContentView.swift in Sources */,
				73D6F8A52C0B95CF00E0E4D2 /* HomeView.swift in Sources */,
				73D6F8902C0B8B1200E0E4D2 /* swiftUICryptoAppApp.swift in Sources */,
				73D6F8A92C0BA3D000E0E4D2 /* CircleButtonView.swift in Sources */,
				73D6F89F2C0B8FD800E0E4D2 /* Color.swift in Sources */,
				73D6F8AB2C0BA83B00E0E4D2 /* CircleButtonAnimationView.swift in Sources */,
				73D6F8AE2C0CD40100E0E4D2 /* CoinModel.swift in Sources */,
			);
			runOnlyForDeploymentPostprocessing = 0;
		};
/* End PBXSourcesBuildPhase section */

/* Begin XCBuildConfiguration section */
		73D6F8982C0B8B1300E0E4D2 /* Debug */ = {
			isa = XCBuildConfiguration;
			buildSettings = {
				ALWAYS_SEARCH_USER_PATHS = NO;
				ASSETCATALOG_COMPILER_GENERATE_SWIFT_ASSET_SYMBOL_EXTENSIONS = YES;
				CLANG_ANALYZER_NONNULL = YES;
				CLANG_ANALYZER_NUMBER_OBJECT_CONVERSION = YES_AGGRESSIVE;
				CLANG_CXX_LANGUAGE_STANDARD = "gnu++20";
				CLANG_ENABLE_MODULES = YES;
				CLANG_ENABLE_OBJC_ARC = YES;
				CLANG_ENABLE_OBJC_WEAK = YES;
				CLANG_WARN_BLOCK_CAPTURE_AUTORELEASING = YES;
				CLANG_WARN_BOOL_CONVERSION = YES;
				CLANG_WARN_COMMA = YES;
				CLANG_WARN_CONSTANT_CONVERSION = YES;
				CLANG_WARN_DEPRECATED_OBJC_IMPLEMENTATIONS = YES;
				CLANG_WARN_DIRECT_OBJC_ISA_USAGE = YES_ERROR;
				CLANG_WARN_DOCUMENTATION_COMMENTS = YES;
				CLANG_WARN_EMPTY_BODY = YES;
				CLANG_WARN_ENUM_CONVERSION = YES;
				CLANG_WARN_INFINITE_RECURSION = YES;
				CLANG_WARN_INT_CONVERSION = YES;
				CLANG_WARN_NON_LITERAL_NULL_CONVERSION = YES;
				CLANG_WARN_OBJC_IMPLICIT_RETAIN_SELF = YES;
				CLANG_WARN_OBJC_LITERAL_CONVERSION = YES;
				CLANG_WARN_OBJC_ROOT_CLASS = YES_ERROR;
				CLANG_WARN_QUOTED_INCLUDE_IN_FRAMEWORK_HEADER = YES;
				CLANG_WARN_RANGE_LOOP_ANALYSIS = YES;
				CLANG_WARN_STRICT_PROTOTYPES = YES;
				CLANG_WARN_SUSPICIOUS_MOVE = YES;
				CLANG_WARN_UNGUARDED_AVAILABILITY = YES_AGGRESSIVE;
				CLANG_WARN_UNREACHABLE_CODE = YES;
				CLANG_WARN__DUPLICATE_METHOD_MATCH = YES;
				COPY_PHASE_STRIP = NO;
				DEBUG_INFORMATION_FORMAT = dwarf;
				ENABLE_STRICT_OBJC_MSGSEND = YES;
				ENABLE_TESTABILITY = YES;
				ENABLE_USER_SCRIPT_SANDBOXING = YES;
				GCC_C_LANGUAGE_STANDARD = gnu17;
				GCC_DYNAMIC_NO_PIC = NO;
				GCC_NO_COMMON_BLOCKS = YES;
				GCC_OPTIMIZATION_LEVEL = 0;
				GCC_PREPROCESSOR_DEFINITIONS = (
					"DEBUG=1",
					"$(inherited)",
				);
				GCC_WARN_64_TO_32_BIT_CONVERSION = YES;
				GCC_WARN_ABOUT_RETURN_TYPE = YES_ERROR;
				GCC_WARN_UNDECLARED_SELECTOR = YES;
				GCC_WARN_UNINITIALIZED_AUTOS = YES_AGGRESSIVE;
				GCC_WARN_UNUSED_FUNCTION = YES;
				GCC_WARN_UNUSED_VARIABLE = YES;
				IPHONEOS_DEPLOYMENT_TARGET = 17.2;
				LOCALIZATION_PREFERS_STRING_CATALOGS = YES;
				MTL_ENABLE_DEBUG_INFO = INCLUDE_SOURCE;
				MTL_FAST_MATH = YES;
				ONLY_ACTIVE_ARCH = YES;
				SDKROOT = iphoneos;
				SWIFT_ACTIVE_COMPILATION_CONDITIONS = "DEBUG $(inherited)";
				SWIFT_OPTIMIZATION_LEVEL = "-Onone";
			};
			name = Debug;
		};
		73D6F8992C0B8B1300E0E4D2 /* Release */ = {
			isa = XCBuildConfiguration;
			buildSettings = {
				ALWAYS_SEARCH_USER_PATHS = NO;
				ASSETCATALOG_COMPILER_GENERATE_SWIFT_ASSET_SYMBOL_EXTENSIONS = YES;
				CLANG_ANALYZER_NONNULL = YES;
				CLANG_ANALYZER_NUMBER_OBJECT_CONVERSION = YES_AGGRESSIVE;
				CLANG_CXX_LANGUAGE_STANDARD = "gnu++20";
				CLANG_ENABLE_MODULES = YES;
				CLANG_ENABLE_OBJC_ARC = YES;
				CLANG_ENABLE_OBJC_WEAK = YES;
				CLANG_WARN_BLOCK_CAPTURE_AUTORELEASING = YES;
				CLANG_WARN_BOOL_CONVERSION = YES;
				CLANG_WARN_COMMA = YES;
				CLANG_WARN_CONSTANT_CONVERSION = YES;
				CLANG_WARN_DEPRECATED_OBJC_IMPLEMENTATIONS = YES;
				CLANG_WARN_DIRECT_OBJC_ISA_USAGE = YES_ERROR;
				CLANG_WARN_DOCUMENTATION_COMMENTS = YES;
				CLANG_WARN_EMPTY_BODY = YES;
				CLANG_WARN_ENUM_CONVERSION = YES;
				CLANG_WARN_INFINITE_RECURSION = YES;
				CLANG_WARN_INT_CONVERSION = YES;
				CLANG_WARN_NON_LITERAL_NULL_CONVERSION = YES;
				CLANG_WARN_OBJC_IMPLICIT_RETAIN_SELF = YES;
				CLANG_WARN_OBJC_LITERAL_CONVERSION = YES;
				CLANG_WARN_OBJC_ROOT_CLASS = YES_ERROR;
				CLANG_WARN_QUOTED_INCLUDE_IN_FRAMEWORK_HEADER = YES;
				CLANG_WARN_RANGE_LOOP_ANALYSIS = YES;
				CLANG_WARN_STRICT_PROTOTYPES = YES;
				CLANG_WARN_SUSPICIOUS_MOVE = YES;
				CLANG_WARN_UNGUARDED_AVAILABILITY = YES_AGGRESSIVE;
				CLANG_WARN_UNREACHABLE_CODE = YES;
				CLANG_WARN__DUPLICATE_METHOD_MATCH = YES;
				COPY_PHASE_STRIP = NO;
				DEBUG_INFORMATION_FORMAT = "dwarf-with-dsym";
				ENABLE_NS_ASSERTIONS = NO;
				ENABLE_STRICT_OBJC_MSGSEND = YES;
				ENABLE_USER_SCRIPT_SANDBOXING = YES;
				GCC_C_LANGUAGE_STANDARD = gnu17;
				GCC_NO_COMMON_BLOCKS = YES;
				GCC_WARN_64_TO_32_BIT_CONVERSION = YES;
				GCC_WARN_ABOUT_RETURN_TYPE = YES_ERROR;
				GCC_WARN_UNDECLARED_SELECTOR = YES;
				GCC_WARN_UNINITIALIZED_AUTOS = YES_AGGRESSIVE;
				GCC_WARN_UNUSED_FUNCTION = YES;
				GCC_WARN_UNUSED_VARIABLE = YES;
				IPHONEOS_DEPLOYMENT_TARGET = 17.2;
				LOCALIZATION_PREFERS_STRING_CATALOGS = YES;
				MTL_ENABLE_DEBUG_INFO = NO;
				MTL_FAST_MATH = YES;
				SDKROOT = iphoneos;
				SWIFT_COMPILATION_MODE = wholemodule;
				VALIDATE_PRODUCT = YES;
			};
			name = Release;
		};
		73D6F89B2C0B8B1300E0E4D2 /* Debug */ = {
			isa = XCBuildConfiguration;
			buildSettings = {
				ASSETCATALOG_COMPILER_APPICON_NAME = AppIcon;
				ASSETCATALOG_COMPILER_GLOBAL_ACCENT_COLOR_NAME = AccentColor;
				CODE_SIGN_STYLE = Automatic;
				CURRENT_PROJECT_VERSION = 1;
				DEVELOPMENT_ASSET_PATHS = "\"swiftUICryptoApp/Preview Content\"";
				ENABLE_PREVIEWS = YES;
				GENERATE_INFOPLIST_FILE = YES;
				INFOPLIST_KEY_CFBundleDisplayName = "Crypto Tracker";
				INFOPLIST_KEY_UIApplicationSceneManifest_Generation = YES;
				INFOPLIST_KEY_UIApplicationSupportsIndirectInputEvents = YES;
				INFOPLIST_KEY_UILaunchScreen_Generation = YES;
				INFOPLIST_KEY_UISupportedInterfaceOrientations = UIInterfaceOrientationPortrait;
				IPHONEOS_DEPLOYMENT_TARGET = 15.0;
				LD_RUNPATH_SEARCH_PATHS = (
					"$(inherited)",
					"@executable_path/Frameworks",
				);
				MARKETING_VERSION = 1.0;
				PRODUCT_BUNDLE_IDENTIFIER = com.andredias.swiftUICryptoApp;
				PRODUCT_NAME = "$(TARGET_NAME)";
				SUPPORTED_PLATFORMS = "iphoneos iphonesimulator";
				SUPPORTS_MACCATALYST = NO;
				SUPPORTS_MAC_DESIGNED_FOR_IPHONE_IPAD = NO;
				SUPPORTS_XR_DESIGNED_FOR_IPHONE_IPAD = NO;
				SWIFT_EMIT_LOC_STRINGS = YES;
				SWIFT_VERSION = 5.0;
				TARGETED_DEVICE_FAMILY = "1,2";
			};
			name = Debug;
		};
		73D6F89C2C0B8B1300E0E4D2 /* Release */ = {
			isa = XCBuildConfiguration;
			buildSettings = {
				ASSETCATALOG_COMPILER_APPICON_NAME = AppIcon;
				ASSETCATALOG_COMPILER_GLOBAL_ACCENT_COLOR_NAME = AccentColor;
				CODE_SIGN_STYLE = Automatic;
				CURRENT_PROJECT_VERSION = 1;
				DEVELOPMENT_ASSET_PATHS = "\"swiftUICryptoApp/Preview Content\"";
				ENABLE_PREVIEWS = YES;
				GENERATE_INFOPLIST_FILE = YES;
				INFOPLIST_KEY_CFBundleDisplayName = "Crypto Tracker";
				INFOPLIST_KEY_UIApplicationSceneManifest_Generation = YES;
				INFOPLIST_KEY_UIApplicationSupportsIndirectInputEvents = YES;
				INFOPLIST_KEY_UILaunchScreen_Generation = YES;
				INFOPLIST_KEY_UISupportedInterfaceOrientations = UIInterfaceOrientationPortrait;
				IPHONEOS_DEPLOYMENT_TARGET = 15.0;
				LD_RUNPATH_SEARCH_PATHS = (
					"$(inherited)",
					"@executable_path/Frameworks",
				);
				MARKETING_VERSION = 1.0;
				PRODUCT_BUNDLE_IDENTIFIER = com.andredias.swiftUICryptoApp;
				PRODUCT_NAME = "$(TARGET_NAME)";
				SUPPORTED_PLATFORMS = "iphoneos iphonesimulator";
				SUPPORTS_MACCATALYST = NO;
				SUPPORTS_MAC_DESIGNED_FOR_IPHONE_IPAD = NO;
				SUPPORTS_XR_DESIGNED_FOR_IPHONE_IPAD = NO;
				SWIFT_EMIT_LOC_STRINGS = YES;
				SWIFT_VERSION = 5.0;
				TARGETED_DEVICE_FAMILY = "1,2";
			};
			name = Release;
		};
/* End XCBuildConfiguration section */

/* Begin XCConfigurationList section */
		73D6F8872C0B8B1200E0E4D2 /* Build configuration list for PBXProject "swiftUICryptoApp" */ = {
			isa = XCConfigurationList;
			buildConfigurations = (
				73D6F8982C0B8B1300E0E4D2 /* Debug */,
				73D6F8992C0B8B1300E0E4D2 /* Release */,
			);
			defaultConfigurationIsVisible = 0;
			defaultConfigurationName = Release;
		};
		73D6F89A2C0B8B1300E0E4D2 /* Build configuration list for PBXNativeTarget "swiftUICryptoApp" */ = {
			isa = XCConfigurationList;
			buildConfigurations = (
				73D6F89B2C0B8B1300E0E4D2 /* Debug */,
				73D6F89C2C0B8B1300E0E4D2 /* Release */,
			);
			defaultConfigurationIsVisible = 0;
			defaultConfigurationName = Release;
		};
/* End XCConfigurationList section */
	};
	rootObject = 73D6F8842C0B8B1200E0E4D2 /* Project object */;
}
